// !$*UTF8*$!
{
	archiveVersion = 1;
	classes = {
	};
	objectVersion = 50;
	objects = {

/* Begin PBXBuildFile section */
		30A632B12A4D8BA100C0416E /* AppDelegate.swift in Sources */ = {isa = PBXBuildFile; fileRef = 30A632B02A4D8BA100C0416E /* AppDelegate.swift */; };
		30A632B32A4D8BA100C0416E /* SceneDelegate.swift in Sources */ = {isa = PBXBuildFile; fileRef = 30A632B22A4D8BA100C0416E /* SceneDelegate.swift */; };
		30A632B52A4D8BA100C0416E /* ViewController.swift in Sources */ = {isa = PBXBuildFile; fileRef = 30A632B42A4D8BA100C0416E /* ViewController.swift */; };
		30A632B82A4D8BA100C0416E /* Main.storyboard in Resources */ = {isa = PBXBuildFile; fileRef = 30A632B62A4D8BA100C0416E /* Main.storyboard */; };
		30A632BA2A4D8BA200C0416E /* Assets.xcassets in Resources */ = {isa = PBXBuildFile; fileRef = 30A632B92A4D8BA200C0416E /* Assets.xcassets */; };
		30A632BD2A4D8BA200C0416E /* LaunchScreen.storyboard in Resources */ = {isa = PBXBuildFile; fileRef = 30A632BB2A4D8BA200C0416E /* LaunchScreen.storyboard */; };
		30BF0EFB2A4DC782000A8497 /* Card.swift in Sources */ = {isa = PBXBuildFile; fileRef = 30BF0EFA2A4DC782000A8497 /* Card.swift */; };
		30BF0F012A4DD19B000A8497 /* Concentration.swift in Sources */ = {isa = PBXBuildFile; fileRef = 30BF0F002A4DD19B000A8497 /* Concentration.swift */; };
		30BF0F082A4DD2C2000A8497 /* extension.swift in Sources */ = {isa = PBXBuildFile; fileRef = 30BF0F072A4DD2C2000A8497 /* extension.swift */; };
/* End PBXBuildFile section */

/* Begin PBXFileReference section */
		30A632AD2A4D8BA100C0416E /* Concentration.app */ = {isa = PBXFileReference; explicitFileType = wrapper.application; includeInIndex = 0; path = Concentration.app; sourceTree = BUILT_PRODUCTS_DIR; };
		30A632B02A4D8BA100C0416E /* AppDelegate.swift */ = {isa = PBXFileReference; lastKnownFileType = sourcecode.swift; path = AppDelegate.swift; sourceTree = "<group>"; };
		30A632B22A4D8BA100C0416E /* SceneDelegate.swift */ = {isa = PBXFileReference; lastKnownFileType = sourcecode.swift; path = SceneDelegate.swift; sourceTree = "<group>"; };
		30A632B42A4D8BA100C0416E /* ViewController.swift */ = {isa = PBXFileReference; lastKnownFileType = sourcecode.swift; path = ViewController.swift; sourceTree = "<group>"; };
		30A632B72A4D8BA100C0416E /* Base */ = {isa = PBXFileReference; lastKnownFileType = file.storyboard; name = Base; path = Base.lproj/Main.storyboard; sourceTree = "<group>"; };
		30A632B92A4D8BA200C0416E /* Assets.xcassets */ = {isa = PBXFileReference; lastKnownFileType = folder.assetcatalog; path = Assets.xcassets; sourceTree = "<group>"; };
		30A632BC2A4D8BA200C0416E /* Base */ = {isa = PBXFileReference; lastKnownFileType = file.storyboard; name = Base; path = Base.lproj/LaunchScreen.storyboard; sourceTree = "<group>"; };
		30A632BE2A4D8BA200C0416E /* Info.plist */ = {isa = PBXFileReference; lastKnownFileType = text.plist.xml; path = Info.plist; sourceTree = "<group>"; };
		30BF0EFA2A4DC782000A8497 /* Card.swift */ = {isa = PBXFileReference; lastKnownFileType = sourcecode.swift; path = Card.swift; sourceTree = "<group>"; };
		30BF0F002A4DD19B000A8497 /* Concentration.swift */ = {isa = PBXFileReference; lastKnownFileType = sourcecode.swift; path = Concentration.swift; sourceTree = "<group>"; };
		30BF0F072A4DD2C2000A8497 /* extension.swift */ = {isa = PBXFileReference; lastKnownFileType = sourcecode.swift; path = extension.swift; sourceTree = "<group>"; };
/* End PBXFileReference section */

/* Begin PBXFrameworksBuildPhase section */
		30A632AA2A4D8BA100C0416E /* Frameworks */ = {
			isa = PBXFrameworksBuildPhase;
			buildActionMask = 2147483647;
			files = (
			);
			runOnlyForDeploymentPostprocessing = 0;
		};
/* End PBXFrameworksBuildPhase section */

/* Begin PBXGroup section */
		30A632A42A4D8BA100C0416E = {
			isa = PBXGroup;
			children = (
				30A632AF2A4D8BA100C0416E /* Concentration */,
				30A632AE2A4D8BA100C0416E /* Products */,
			);
			sourceTree = "<group>";
		};
		30A632AE2A4D8BA100C0416E /* Products */ = {
			isa = PBXGroup;
			children = (
				30A632AD2A4D8BA100C0416E /* Concentration.app */,
			);
			name = Products;
			sourceTree = "<group>";
		};
		30A632AF2A4D8BA100C0416E /* Concentration */ = {
			isa = PBXGroup;
			children = (
				30BF0EFE2A4DD177000A8497 /* Model */,
				30BF0F042A4DD1A5000A8497 /* Controller */,
				30BF0F062A4DD2AE000A8497 /* Utility */,
				30A632C52A4D8BC800C0416E /* Supporting */,
				30A632B62A4D8BA100C0416E /* Main.storyboard */,
				30A632BE2A4D8BA200C0416E /* Info.plist */,
			);
			path = Concentration;
			sourceTree = "<group>";
		};
		30A632C52A4D8BC800C0416E /* Supporting */ = {
			isa = PBXGroup;
			children = (
				30A632B02A4D8BA100C0416E /* AppDelegate.swift */,
				30A632B22A4D8BA100C0416E /* SceneDelegate.swift */,
				30A632B92A4D8BA200C0416E /* Assets.xcassets */,
				30A632BB2A4D8BA200C0416E /* LaunchScreen.storyboard */,
			);
			path = Supporting;
			sourceTree = "<group>";
		};
		30BF0EFE2A4DD177000A8497 /* Model */ = {
			isa = PBXGroup;
			children = (
				30BF0EFA2A4DC782000A8497 /* Card.swift */,
				30BF0F002A4DD19B000A8497 /* Concentration.swift */,
			);
			path = Model;
			sourceTree = "<group>";
		};
		30BF0F042A4DD1A5000A8497 /* Controller */ = {
			isa = PBXGroup;
			children = (
				30A632B42A4D8BA100C0416E /* ViewController.swift */,
			);
			path = Controller;
			sourceTree = "<group>";
		};
		30BF0F062A4DD2AE000A8497 /* Utility */ = {
			isa = PBXGroup;
			children = (
				30BF0F072A4DD2C2000A8497 /* extension.swift */,
			);
			path = Utility;
			sourceTree = "<group>";
		};
/* End PBXGroup section */

/* Begin PBXNativeTarget section */
		30A632AC2A4D8BA100C0416E /* Concentration */ = {
			isa = PBXNativeTarget;
			buildConfigurationList = 30A632C12A4D8BA200C0416E /* Build configuration list for PBXNativeTarget "Concentration" */;
			buildPhases = (
				30A632A92A4D8BA100C0416E /* Sources */,
				30A632AA2A4D8BA100C0416E /* Frameworks */,
				30A632AB2A4D8BA100C0416E /* Resources */,
			);
			buildRules = (
			);
			dependencies = (
			);
			name = Concentration;
			productName = Concentration;
			productReference = 30A632AD2A4D8BA100C0416E /* Concentration.app */;
			productType = "com.apple.product-type.application";
		};
/* End PBXNativeTarget section */

/* Begin PBXProject section */
		30A632A52A4D8BA100C0416E /* Project object */ = {
			isa = PBXProject;
			attributes = {
				LastSwiftUpdateCheck = 1240;
				LastUpgradeCheck = 1240;
				TargetAttributes = {
					30A632AC2A4D8BA100C0416E = {
						CreatedOnToolsVersion = 12.4;
					};
				};
			};
			buildConfigurationList = 30A632A82A4D8BA100C0416E /* Build configuration list for PBXProject "Concentration" */;
			compatibilityVersion = "Xcode 9.3";
			developmentRegion = en;
			hasScannedForEncodings = 0;
			knownRegions = (
				en,
				Base,
			);
			mainGroup = 30A632A42A4D8BA100C0416E;
			productRefGroup = 30A632AE2A4D8BA100C0416E /* Products */;
			projectDirPath = "";
			projectRoot = "";
			targets = (
				30A632AC2A4D8BA100C0416E /* Concentration */,
			);
		};
/* End PBXProject section */

/* Begin PBXResourcesBuildPhase section */
		30A632AB2A4D8BA100C0416E /* Resources */ = {
			isa = PBXResourcesBuildPhase;
			buildActionMask = 2147483647;
			files = (
				30A632BD2A4D8BA200C0416E /* LaunchScreen.storyboard in Resources */,
				30A632BA2A4D8BA200C0416E /* Assets.xcassets in Resources */,
				30A632B82A4D8BA100C0416E /* Main.storyboard in Resources */,
			);
			runOnlyForDeploymentPostprocessing = 0;
		};
/* End PBXResourcesBuildPhase section */

/* Begin PBXSourcesBuildPhase section */
		30A632A92A4D8BA100C0416E /* Sources */ = {
			isa = PBXSourcesBuildPhase;
			buildActionMask = 2147483647;
			files = (
				30BF0EFB2A4DC782000A8497 /* Card.swift in Sources */,
				30A632B52A4D8BA100C0416E /* ViewController.swift in Sources */,
				30A632B12A4D8BA100C0416E /* AppDelegate.swift in Sources */,
				30BF0F082A4DD2C2000A8497 /* extension.swift in Sources */,
				30A632B32A4D8BA100C0416E /* SceneDelegate.swift in Sources */,
				30BF0F012A4DD19B000A8497 /* Concentration.swift in Sources */,
			);
			runOnlyForDeploymentPostprocessing = 0;
		};
/* End PBXSourcesBuildPhase section */

/* Begin PBXVariantGroup section */
		30A632B62A4D8BA100C0416E /* Main.storyboard */ = {
			isa = PBXVariantGroup;
			children = (
				30A632B72A4D8BA100C0416E /* Base */,
			);
			name = Main.storyboard;
			sourceTree = "<group>";
		};
		30A632BB2A4D8BA200C0416E /* LaunchScreen.storyboard */ = {
			isa = PBXVariantGroup;
			children = (
				30A632BC2A4D8BA200C0416E /* Base */,
			);
			name = LaunchScreen.storyboard;
			sourceTree = "<group>";
		};
/* End PBXVariantGroup section */

/* Begin XCBuildConfiguration section */
		30A632BF2A4D8BA200C0416E /* Debug */ = {
			isa = XCBuildConfiguration;
			buildSettings = {
				ALWAYS_SEARCH_USER_PATHS = NO;
				CLANG_ANALYZER_NONNULL = YES;
				CLANG_ANALYZER_NUMBER_OBJECT_CONVERSION = YES_AGGRESSIVE;
				CLANG_CXX_LANGUAGE_STANDARD = "gnu++14";
				CLANG_CXX_LIBRARY = "libc++";
				CLANG_ENABLE_MODULES = YES;
				CLANG_ENABLE_OBJC_ARC = YES;
				CLANG_ENABLE_OBJC_WEAK = YES;
				CLANG_WARN_BLOCK_CAPTURE_AUTORELEASING = YES;
				CLANG_WARN_BOOL_CONVERSION = YES;
				CLANG_WARN_COMMA = YES;
				CLANG_WARN_CONSTANT_CONVERSION = YES;
				CLANG_WARN_DEPRECATED_OBJC_IMPLEMENTATIONS = YES;
				CLANG_WARN_DIRECT_OBJC_ISA_USAGE = YES_ERROR;
				CLANG_WARN_DOCUMENTATION_COMMENTS = YES;
				CLANG_WARN_EMPTY_BODY = YES;
				CLANG_WARN_ENUM_CONVERSION = YES;
				CLANG_WARN_INFINITE_RECURSION = YES;
				CLANG_WARN_INT_CONVERSION = YES;
				CLANG_WARN_NON_LITERAL_NULL_CONVERSION = YES;
				CLANG_WARN_OBJC_IMPLICIT_RETAIN_SELF = YES;
				CLANG_WARN_OBJC_LITERAL_CONVERSION = YES;
				CLANG_WARN_OBJC_ROOT_CLASS = YES_ERROR;
				CLANG_WARN_QUOTED_INCLUDE_IN_FRAMEWORK_HEADER = YES;
				CLANG_WARN_RANGE_LOOP_ANALYSIS = YES;
				CLANG_WARN_STRICT_PROTOTYPES = YES;
				CLANG_WARN_SUSPICIOUS_MOVE = YES;
				CLANG_WARN_UNGUARDED_AVAILABILITY = YES_AGGRESSIVE;
				CLANG_WARN_UNREACHABLE_CODE = YES;
				CLANG_WARN__DUPLICATE_METHOD_MATCH = YES;
				COPY_PHASE_STRIP = NO;
				DEBUG_INFORMATION_FORMAT = dwarf;
				ENABLE_STRICT_OBJC_MSGSEND = YES;
				ENABLE_TESTABILITY = YES;
				GCC_C_LANGUAGE_STANDARD = gnu11;
				GCC_DYNAMIC_NO_PIC = NO;
				GCC_NO_COMMON_BLOCKS = YES;
				GCC_OPTIMIZATION_LEVEL = 0;
				GCC_PREPROCESSOR_DEFINITIONS = (
					"DEBUG=1",
					"$(inherited)",
				);
				GCC_WARN_64_TO_32_BIT_CONVERSION = YES;
				GCC_WARN_ABOUT_RETURN_TYPE = YES_ERROR;
				GCC_WARN_UNDECLARED_SELECTOR = YES;
				GCC_WARN_UNINITIALIZED_AUTOS = YES_AGGRESSIVE;
				GCC_WARN_UNUSED_FUNCTION = YES;
				GCC_WARN_UNUSED_VARIABLE = YES;
				IPHONEOS_DEPLOYMENT_TARGET = 14.4;
				MTL_ENABLE_DEBUG_INFO = INCLUDE_SOURCE;
				MTL_FAST_MATH = YES;
				ONLY_ACTIVE_ARCH = YES;
				SDKROOT = iphoneos;
				SWIFT_ACTIVE_COMPILATION_CONDITIONS = DEBUG;
				SWIFT_OPTIMIZATION_LEVEL = "-Onone";
			};
			name = Debug;
		};
		30A632C02A4D8BA200C0416E /* Release */ = {
			isa = XCBuildConfiguration;
			buildSettings = {
				ALWAYS_SEARCH_USER_PATHS = NO;
				CLANG_ANALYZER_NONNULL = YES;
				CLANG_ANALYZER_NUMBER_OBJECT_CONVERSION = YES_AGGRESSIVE;
				CLANG_CXX_LANGUAGE_STANDARD = "gnu++14";
				CLANG_CXX_LIBRARY = "libc++";
				CLANG_ENABLE_MODULES = YES;
				CLANG_ENABLE_OBJC_ARC = YES;
				CLANG_ENABLE_OBJC_WEAK = YES;
				CLANG_WARN_BLOCK_CAPTURE_AUTORELEASING = YES;
				CLANG_WARN_BOOL_CONVERSION = YES;
				CLANG_WARN_COMMA = YES;
				CLANG_WARN_CONSTANT_CONVERSION = YES;
				CLANG_WARN_DEPRECATED_OBJC_IMPLEMENTATIONS = YES;
				CLANG_WARN_DIRECT_OBJC_ISA_USAGE = YES_ERROR;
				CLANG_WARN_DOCUMENTATION_COMMENTS = YES;
				CLANG_WARN_EMPTY_BODY = YES;
				CLANG_WARN_ENUM_CONVERSION = YES;
				CLANG_WARN_INFINITE_RECURSION = YES;
				CLANG_WARN_INT_CONVERSION = YES;
				CLANG_WARN_NON_LITERAL_NULL_CONVERSION = YES;
				CLANG_WARN_OBJC_IMPLICIT_RETAIN_SELF = YES;
				CLANG_WARN_OBJC_LITERAL_CONVERSION = YES;
				CLANG_WARN_OBJC_ROOT_CLASS = YES_ERROR;
				CLANG_WARN_QUOTED_INCLUDE_IN_FRAMEWORK_HEADER = YES;
				CLANG_WARN_RANGE_LOOP_ANALYSIS = YES;
				CLANG_WARN_STRICT_PROTOTYPES = YES;
				CLANG_WARN_SUSPICIOUS_MOVE = YES;
				CLANG_WARN_UNGUARDED_AVAILABILITY = YES_AGGRESSIVE;
				CLANG_WARN_UNREACHABLE_CODE = YES;
				CLANG_WARN__DUPLICATE_METHOD_MATCH = YES;
				COPY_PHASE_STRIP = NO;
				DEBUG_INFORMATION_FORMAT = "dwarf-with-dsym";
				ENABLE_NS_ASSERTIONS = NO;
				ENABLE_STRICT_OBJC_MSGSEND = YES;
				GCC_C_LANGUAGE_STANDARD = gnu11;
				GCC_NO_COMMON_BLOCKS = YES;
				GCC_WARN_64_TO_32_BIT_CONVERSION = YES;
				GCC_WARN_ABOUT_RETURN_TYPE = YES_ERROR;
				GCC_WARN_UNDECLARED_SELECTOR = YES;
				GCC_WARN_UNINITIALIZED_AUTOS = YES_AGGRESSIVE;
				GCC_WARN_UNUSED_FUNCTION = YES;
				GCC_WARN_UNUSED_VARIABLE = YES;
				IPHONEOS_DEPLOYMENT_TARGET = 14.4;
				MTL_ENABLE_DEBUG_INFO = NO;
				MTL_FAST_MATH = YES;
				SDKROOT = iphoneos;
				SWIFT_COMPILATION_MODE = wholemodule;
				SWIFT_OPTIMIZATION_LEVEL = "-O";
				VALIDATE_PRODUCT = YES;
			};
			name = Release;
		};
		30A632C22A4D8BA200C0416E /* Debug */ = {
			isa = XCBuildConfiguration;
			buildSettings = {
				ASSETCATALOG_COMPILER_APPICON_NAME = AppIcon;
				ASSETCATALOG_COMPILER_GLOBAL_ACCENT_COLOR_NAME = AccentColor;
				CODE_SIGN_STYLE = Automatic;
				DEVELOPMENT_TEAM = FGABZPQPB3;
				INFOPLIST_FILE = Concentration/Info.plist;
				LD_RUNPATH_SEARCH_PATHS = (
					"$(inherited)",
					"@executable_path/Frameworks",
				);
				PRODUCT_BUNDLE_IDENTIFIER = com.winlwin.iosdeveloper.Concentration;
				PRODUCT_NAME = "$(TARGET_NAME)";
				SWIFT_VERSION = 5.0;
				TARGETED_DEVICE_FAMILY = "1,2";
			};
			name = Debug;
		};
		30A632C32A4D8BA200C0416E /* Release */ = {
			isa = XCBuildConfiguration;
			buildSettings = {
				ASSETCATALOG_COMPILER_APPICON_NAME = AppIcon;
				ASSETCATALOG_COMPILER_GLOBAL_ACCENT_COLOR_NAME = AccentColor;
				CODE_SIGN_STYLE = Automatic;
				DEVELOPMENT_TEAM = FGABZPQPB3;
				INFOPLIST_FILE = Concentration/Info.plist;
				LD_RUNPATH_SEARCH_PATHS = (
					"$(inherited)",
					"@executable_path/Frameworks",
				);
				PRODUCT_BUNDLE_IDENTIFIER = com.winlwin.iosdeveloper.Concentration;
				PRODUCT_NAME = "$(TARGET_NAME)";
				SWIFT_VERSION = 5.0;
				TARGETED_DEVICE_FAMILY = "1,2";
			};
			name = Release;
		};
/* End XCBuildConfiguration section */

/* Begin XCConfigurationList section */
		30A632A82A4D8BA100C0416E /* Build configuration list for PBXProject "Concentration" */ = {
			isa = XCConfigurationList;
			buildConfigurations = (
				30A632BF2A4D8BA200C0416E /* Debug */,
				30A632C02A4D8BA200C0416E /* Release */,
			);
			defaultConfigurationIsVisible = 0;
			defaultConfigurationName = Release;
		};
		30A632C12A4D8BA200C0416E /* Build configuration list for PBXNativeTarget "Concentration" */ = {
			isa = XCConfigurationList;
			buildConfigurations = (
				30A632C22A4D8BA200C0416E /* Debug */,
				30A632C32A4D8BA200C0416E /* Release */,
			);
			defaultConfigurationIsVisible = 0;
			defaultConfigurationName = Release;
		};
/* End XCConfigurationList section */
	};
	rootObject = 30A632A52A4D8BA100C0416E /* Project object */;
}
